// !$*UTF8*$!
{
	archiveVersion = 1;
	classes = {
	};
	objectVersion = 46;
	objects = {

/* Begin PBXBuildFile section */
		4503AA5F1A3BF2CA00F2FB67 /* Player5ViewController_0.m in Sources */ = {isa = PBXBuildFile; fileRef = 4503AA5E1A3BF2CA00F2FB67 /* Player5ViewController_0.m */; };
		4510A9C21A2EAD2000063107 /* Player.m in Sources */ = {isa = PBXBuildFile; fileRef = 4510A9C11A2EAD2000063107 /* Player.m */; };
		4510A9D91A2EBD6100063107 /* GameStartViewController.m in Sources */ = {isa = PBXBuildFile; fileRef = 4510A9D71A2EBD6100063107 /* GameStartViewController.m */; };
		4510A9DC1A2EBE7900063107 /* PlayerSettingViewController.m in Sources */ = {isa = PBXBuildFile; fileRef = 4510A9DB1A2EBE7900063107 /* PlayerSettingViewController.m */; };
		4544C2441A2EFF75001040E9 /* PlayerManager.m in Sources */ = {isa = PBXBuildFile; fileRef = 4544C2431A2EFF75001040E9 /* PlayerManager.m */; };
		4544C2481A2F48D1001040E9 /* PlayerViewController.m in Sources */ = {isa = PBXBuildFile; fileRef = 4544C2461A2F48D1001040E9 /* PlayerViewController.m */; };
		4544C2491A2F48D1001040E9 /* PlayerViewController.xib in Resources */ = {isa = PBXBuildFile; fileRef = 4544C2471A2F48D1001040E9 /* PlayerViewController.xib */; };
		45A861761A30422F000124C4 /* GameStatus.m in Sources */ = {isa = PBXBuildFile; fileRef = 45A861751A30422F000124C4 /* GameStatus.m */; };
		45B0C9901A3583E400E192A1 /* CardSettingViewController.m in Sources */ = {isa = PBXBuildFile; fileRef = 45B0C98F1A3583E400E192A1 /* CardSettingViewController.m */; };
		45D98B8C1A2D6A2B00487E04 /* main.m in Sources */ = {isa = PBXBuildFile; fileRef = 45D98B8B1A2D6A2B00487E04 /* main.m */; };
		45D98B8F1A2D6A2B00487E04 /* AppDelegate.m in Sources */ = {isa = PBXBuildFile; fileRef = 45D98B8E1A2D6A2B00487E04 /* AppDelegate.m */; };
		45D98B951A2D6A2B00487E04 /* Main.storyboard in Resources */ = {isa = PBXBuildFile; fileRef = 45D98B931A2D6A2B00487E04 /* Main.storyboard */; };
		45D98B971A2D6A2B00487E04 /* Images.xcassets in Resources */ = {isa = PBXBuildFile; fileRef = 45D98B961A2D6A2B00487E04 /* Images.xcassets */; };
		45D98B9A1A2D6A2B00487E04 /* LaunchScreen.xib in Resources */ = {isa = PBXBuildFile; fileRef = 45D98B981A2D6A2B00487E04 /* LaunchScreen.xib */; };
		45E02A171A3EBC920053CEB4 /* VillagerViewController.m in Sources */ = {isa = PBXBuildFile; fileRef = 45E02A151A3EBC920053CEB4 /* VillagerViewController.m */; };
		45E02A181A3EBC920053CEB4 /* VillagerViewController.xib in Resources */ = {isa = PBXBuildFile; fileRef = 45E02A161A3EBC920053CEB4 /* VillagerViewController.xib */; };
/* End PBXBuildFile section */

/* Begin PBXFileReference section */
		4503AA5D1A3BF2CA00F2FB67 /* Player5ViewController_0.h */ = {isa = PBXFileReference; fileEncoding = 4; lastKnownFileType = sourcecode.c.h; path = Player5ViewController_0.h; sourceTree = "<group>"; };
		4503AA5E1A3BF2CA00F2FB67 /* Player5ViewController_0.m */ = {isa = PBXFileReference; fileEncoding = 4; lastKnownFileType = sourcecode.c.objc; path = Player5ViewController_0.m; sourceTree = "<group>"; };
		4510A9C01A2EAD2000063107 /* Player.h */ = {isa = PBXFileReference; fileEncoding = 4; lastKnownFileType = sourcecode.c.h; path = Player.h; sourceTree = "<group>"; };
		4510A9C11A2EAD2000063107 /* Player.m */ = {isa = PBXFileReference; fileEncoding = 4; lastKnownFileType = sourcecode.c.objc; path = Player.m; sourceTree = "<group>"; };
		4510A9D61A2EBD6100063107 /* GameStartViewController.h */ = {isa = PBXFileReference; fileEncoding = 4; lastKnownFileType = sourcecode.c.h; path = GameStartViewController.h; sourceTree = "<group>"; };
		4510A9D71A2EBD6100063107 /* GameStartViewController.m */ = {isa = PBXFileReference; fileEncoding = 4; lastKnownFileType = sourcecode.c.objc; path = GameStartViewController.m; sourceTree = "<group>"; };
		4510A9DA1A2EBE7900063107 /* PlayerSettingViewController.h */ = {isa = PBXFileReference; fileEncoding = 4; lastKnownFileType = sourcecode.c.h; path = PlayerSettingViewController.h; sourceTree = "<group>"; };
		4510A9DB1A2EBE7900063107 /* PlayerSettingViewController.m */ = {isa = PBXFileReference; fileEncoding = 4; lastKnownFileType = sourcecode.c.objc; path = PlayerSettingViewController.m; sourceTree = "<group>"; };
		4544C2421A2EFF75001040E9 /* PlayerManager.h */ = {isa = PBXFileReference; fileEncoding = 4; lastKnownFileType = sourcecode.c.h; path = PlayerManager.h; sourceTree = "<group>"; };
		4544C2431A2EFF75001040E9 /* PlayerManager.m */ = {isa = PBXFileReference; fileEncoding = 4; lastKnownFileType = sourcecode.c.objc; path = PlayerManager.m; sourceTree = "<group>"; };
		4544C2451A2F48D1001040E9 /* PlayerViewController.h */ = {isa = PBXFileReference; fileEncoding = 4; lastKnownFileType = sourcecode.c.h; name = PlayerViewController.h; path = ../view/PlayerViewController.h; sourceTree = "<group>"; };
		4544C2461A2F48D1001040E9 /* PlayerViewController.m */ = {isa = PBXFileReference; fileEncoding = 4; lastKnownFileType = sourcecode.c.objc; name = PlayerViewController.m; path = ../view/PlayerViewController.m; sourceTree = "<group>"; };
		4544C2471A2F48D1001040E9 /* PlayerViewController.xib */ = {isa = PBXFileReference; fileEncoding = 4; lastKnownFileType = file.xib; path = PlayerViewController.xib; sourceTree = "<group>"; };
		45A861741A30422F000124C4 /* GameStatus.h */ = {isa = PBXFileReference; fileEncoding = 4; lastKnownFileType = sourcecode.c.h; path = GameStatus.h; sourceTree = "<group>"; };
		45A861751A30422F000124C4 /* GameStatus.m */ = {isa = PBXFileReference; fileEncoding = 4; lastKnownFileType = sourcecode.c.objc; path = GameStatus.m; sourceTree = "<group>"; };
		45B0C98E1A3583E400E192A1 /* CardSettingViewController.h */ = {isa = PBXFileReference; fileEncoding = 4; lastKnownFileType = sourcecode.c.h; path = CardSettingViewController.h; sourceTree = "<group>"; };
		45B0C98F1A3583E400E192A1 /* CardSettingViewController.m */ = {isa = PBXFileReference; fileEncoding = 4; lastKnownFileType = sourcecode.c.objc; path = CardSettingViewController.m; sourceTree = "<group>"; };
		45D98B861A2D6A2B00487E04 /* Werewolf.app */ = {isa = PBXFileReference; explicitFileType = wrapper.application; includeInIndex = 0; path = Werewolf.app; sourceTree = BUILT_PRODUCTS_DIR; };
		45D98B8A1A2D6A2B00487E04 /* Info.plist */ = {isa = PBXFileReference; lastKnownFileType = text.plist.xml; path = Info.plist; sourceTree = "<group>"; };
		45D98B8B1A2D6A2B00487E04 /* main.m */ = {isa = PBXFileReference; lastKnownFileType = sourcecode.c.objc; path = main.m; sourceTree = "<group>"; };
		45D98B8D1A2D6A2B00487E04 /* AppDelegate.h */ = {isa = PBXFileReference; lastKnownFileType = sourcecode.c.h; path = AppDelegate.h; sourceTree = "<group>"; };
		45D98B8E1A2D6A2B00487E04 /* AppDelegate.m */ = {isa = PBXFileReference; lastKnownFileType = sourcecode.c.objc; path = AppDelegate.m; sourceTree = "<group>"; };
		45D98B941A2D6A2B00487E04 /* Base */ = {isa = PBXFileReference; lastKnownFileType = file.storyboard; name = Base; path = Base.lproj/Main.storyboard; sourceTree = "<group>"; };
		45D98B961A2D6A2B00487E04 /* Images.xcassets */ = {isa = PBXFileReference; lastKnownFileType = folder.assetcatalog; path = Images.xcassets; sourceTree = "<group>"; };
		45D98B991A2D6A2B00487E04 /* Base */ = {isa = PBXFileReference; lastKnownFileType = file.xib; name = Base; path = Base.lproj/LaunchScreen.xib; sourceTree = "<group>"; };
		45D98BA41A2D6A2C00487E04 /* Info.plist */ = {isa = PBXFileReference; lastKnownFileType = text.plist.xml; path = Info.plist; sourceTree = "<group>"; };
		45D98BA51A2D6A2C00487E04 /* WerewolfTests.m */ = {isa = PBXFileReference; lastKnownFileType = sourcecode.c.objc; path = WerewolfTests.m; sourceTree = "<group>"; };
		45E02A141A3EBC920053CEB4 /* VillagerViewController.h */ = {isa = PBXFileReference; fileEncoding = 4; lastKnownFileType = sourcecode.c.h; path = VillagerViewController.h; sourceTree = SOURCE_ROOT; };
		45E02A151A3EBC920053CEB4 /* VillagerViewController.m */ = {isa = PBXFileReference; fileEncoding = 4; lastKnownFileType = sourcecode.c.objc; path = VillagerViewController.m; sourceTree = SOURCE_ROOT; };
		45E02A161A3EBC920053CEB4 /* VillagerViewController.xib */ = {isa = PBXFileReference; fileEncoding = 4; lastKnownFileType = file.xib; path = VillagerViewController.xib; sourceTree = SOURCE_ROOT; };
/* End PBXFileReference section */

/* Begin PBXFrameworksBuildPhase section */
		45D98B831A2D6A2B00487E04 /* Frameworks */ = {
			isa = PBXFrameworksBuildPhase;
			buildActionMask = 2147483647;
			files = (
			);
			runOnlyForDeploymentPostprocessing = 0;
		};
/* End PBXFrameworksBuildPhase section */

/* Begin PBXGroup section */
		4503AA5C1A3BF21500F2FB67 /* player5 */ = {
			isa = PBXGroup;
			children = (
				4503AA5D1A3BF2CA00F2FB67 /* Player5ViewController_0.h */,
				4503AA5E1A3BF2CA00F2FB67 /* Player5ViewController_0.m */,
			);
			path = player5;
			sourceTree = "<group>";
		};
		4503AA651A3C11C300F2FB67 /* common */ = {
			isa = PBXGroup;
			children = (
				45E02A141A3EBC920053CEB4 /* VillagerViewController.h */,
				45E02A151A3EBC920053CEB4 /* VillagerViewController.m */,
			);
			path = common;
			sourceTree = "<group>";
		};
		4510A9BC1A2EAA4000063107 /* model */ = {
			isa = PBXGroup;
			children = (
				45A861741A30422F000124C4 /* GameStatus.h */,
				45A861751A30422F000124C4 /* GameStatus.m */,
				4544C2421A2EFF75001040E9 /* PlayerManager.h */,
				4544C2431A2EFF75001040E9 /* PlayerManager.m */,
				4510A9C01A2EAD2000063107 /* Player.h */,
				4510A9C11A2EAD2000063107 /* Player.m */,
			);
			path = model;
			sourceTree = "<group>";
		};
		4510A9D51A2EBD6100063107 /* controller */ = {
			isa = PBXGroup;
			children = (
				4503AA651A3C11C300F2FB67 /* common */,
				4503AA5C1A3BF21500F2FB67 /* player5 */,
				4510A9D61A2EBD6100063107 /* GameStartViewController.h */,
				4510A9D71A2EBD6100063107 /* GameStartViewController.m */,
				4510A9DA1A2EBE7900063107 /* PlayerSettingViewController.h */,
				4510A9DB1A2EBE7900063107 /* PlayerSettingViewController.m */,
				4544C2451A2F48D1001040E9 /* PlayerViewController.h */,
				4544C2461A2F48D1001040E9 /* PlayerViewController.m */,
				45B0C98E1A3583E400E192A1 /* CardSettingViewController.h */,
				45B0C98F1A3583E400E192A1 /* CardSettingViewController.m */,
			);
			path = controller;
			sourceTree = "<group>";
		};
		4510A9D81A2EBD6100063107 /* view */ = {
			isa = PBXGroup;
			children = (
				4544C2471A2F48D1001040E9 /* PlayerViewController.xib */,
				45E02A161A3EBC920053CEB4 /* VillagerViewController.xib */,
			);
			path = view;
			sourceTree = "<group>";
		};
		45D98B7D1A2D6A2B00487E04 = {
			isa = PBXGroup;
			children = (
				45D98B881A2D6A2B00487E04 /* Werewolf */,
				45D98BA21A2D6A2C00487E04 /* WerewolfTests */,
				45D98B871A2D6A2B00487E04 /* Products */,
			);
			sourceTree = "<group>";
		};
		45D98B871A2D6A2B00487E04 /* Products */ = {
			isa = PBXGroup;
			children = (
				45D98B861A2D6A2B00487E04 /* Werewolf.app */,
			);
			name = Products;
			sourceTree = "<group>";
		};
		45D98B881A2D6A2B00487E04 /* Werewolf */ = {
			isa = PBXGroup;
			children = (
				4510A9D51A2EBD6100063107 /* controller */,
				4510A9D81A2EBD6100063107 /* view */,
				4510A9BC1A2EAA4000063107 /* model */,
				45D98B8D1A2D6A2B00487E04 /* AppDelegate.h */,
				45D98B8E1A2D6A2B00487E04 /* AppDelegate.m */,
				45D98B931A2D6A2B00487E04 /* Main.storyboard */,
				45D98B981A2D6A2B00487E04 /* LaunchScreen.xib */,
				45D98B961A2D6A2B00487E04 /* Images.xcassets */,
				45D98B891A2D6A2B00487E04 /* Supporting Files */,
			);
			path = Werewolf;
			sourceTree = "<group>";
		};
		45D98B891A2D6A2B00487E04 /* Supporting Files */ = {
			isa = PBXGroup;
			children = (
				45D98B8A1A2D6A2B00487E04 /* Info.plist */,
				45D98B8B1A2D6A2B00487E04 /* main.m */,
			);
			name = "Supporting Files";
			sourceTree = "<group>";
		};
		45D98BA21A2D6A2C00487E04 /* WerewolfTests */ = {
			isa = PBXGroup;
			children = (
				45D98BA51A2D6A2C00487E04 /* WerewolfTests.m */,
				45D98BA31A2D6A2C00487E04 /* Supporting Files */,
			);
			path = WerewolfTests;
			sourceTree = "<group>";
		};
		45D98BA31A2D6A2C00487E04 /* Supporting Files */ = {
			isa = PBXGroup;
			children = (
				45D98BA41A2D6A2C00487E04 /* Info.plist */,
			);
			name = "Supporting Files";
			sourceTree = "<group>";
		};
/* End PBXGroup section */

/* Begin PBXNativeTarget section */
		45D98B851A2D6A2B00487E04 /* Werewolf */ = {
			isa = PBXNativeTarget;
			buildConfigurationList = 45D98BA91A2D6A2C00487E04 /* Build configuration list for PBXNativeTarget "Werewolf" */;
			buildPhases = (
				45D98B821A2D6A2B00487E04 /* Sources */,
				45D98B831A2D6A2B00487E04 /* Frameworks */,
				45D98B841A2D6A2B00487E04 /* Resources */,
			);
			buildRules = (
			);
			dependencies = (
			);
			name = Werewolf;
			productName = Werewolf;
			productReference = 45D98B861A2D6A2B00487E04 /* Werewolf.app */;
			productType = "com.apple.product-type.application";
		};
/* End PBXNativeTarget section */

/* Begin PBXProject section */
		45D98B7E1A2D6A2B00487E04 /* Project object */ = {
			isa = PBXProject;
			attributes = {
				LastUpgradeCheck = 0610;
				ORGANIZATIONNAME = semler;
				TargetAttributes = {
					45D98B851A2D6A2B00487E04 = {
						CreatedOnToolsVersion = 6.1.1;
					};
				};
			};
			buildConfigurationList = 45D98B811A2D6A2B00487E04 /* Build configuration list for PBXProject "Werewolf" */;
			compatibilityVersion = "Xcode 3.2";
			developmentRegion = English;
			hasScannedForEncodings = 0;
			knownRegions = (
				en,
				Base,
			);
			mainGroup = 45D98B7D1A2D6A2B00487E04;
			productRefGroup = 45D98B871A2D6A2B00487E04 /* Products */;
			projectDirPath = "";
			projectRoot = "";
			targets = (
				45D98B851A2D6A2B00487E04 /* Werewolf */,
			);
		};
/* End PBXProject section */

/* Begin PBXResourcesBuildPhase section */
		45D98B841A2D6A2B00487E04 /* Resources */ = {
			isa = PBXResourcesBuildPhase;
			buildActionMask = 2147483647;
			files = (
				45E02A181A3EBC920053CEB4 /* VillagerViewController.xib in Resources */,
				45D98B951A2D6A2B00487E04 /* Main.storyboard in Resources */,
				4544C2491A2F48D1001040E9 /* PlayerViewController.xib in Resources */,
				45D98B9A1A2D6A2B00487E04 /* LaunchScreen.xib in Resources */,
				45D98B971A2D6A2B00487E04 /* Images.xcassets in Resources */,
			);
			runOnlyForDeploymentPostprocessing = 0;
		};
/* End PBXResourcesBuildPhase section */

/* Begin PBXSourcesBuildPhase section */
		45D98B821A2D6A2B00487E04 /* Sources */ = {
			isa = PBXSourcesBuildPhase;
			buildActionMask = 2147483647;
			files = (
				45D98B8F1A2D6A2B00487E04 /* AppDelegate.m in Sources */,
				4503AA5F1A3BF2CA00F2FB67 /* Player5ViewController_0.m in Sources */,
				4544C2441A2EFF75001040E9 /* PlayerManager.m in Sources */,
				4510A9D91A2EBD6100063107 /* GameStartViewController.m in Sources */,
				4544C2481A2F48D1001040E9 /* PlayerViewController.m in Sources */,
				45D98B8C1A2D6A2B00487E04 /* main.m in Sources */,
				4510A9DC1A2EBE7900063107 /* PlayerSettingViewController.m in Sources */,
				4510A9C21A2EAD2000063107 /* Player.m in Sources */,
				45B0C9901A3583E400E192A1 /* CardSettingViewController.m in Sources */,
				45E02A171A3EBC920053CEB4 /* VillagerViewController.m in Sources */,
				45A861761A30422F000124C4 /* GameStatus.m in Sources */,
			);
			runOnlyForDeploymentPostprocessing = 0;
		};
/* End PBXSourcesBuildPhase section */

/* Begin PBXVariantGroup section */
		45D98B931A2D6A2B00487E04 /* Main.storyboard */ = {
			isa = PBXVariantGroup;
			children = (
				45D98B941A2D6A2B00487E04 /* Base */,
			);
			name = Main.storyboard;
			sourceTree = "<group>";
		};
		45D98B981A2D6A2B00487E04 /* LaunchScreen.xib */ = {
			isa = PBXVariantGroup;
			children = (
				45D98B991A2D6A2B00487E04 /* Base */,
			);
			name = LaunchScreen.xib;
			sourceTree = "<group>";
		};
/* End PBXVariantGroup section */

/* Begin XCBuildConfiguration section */
		45D98BA71A2D6A2C00487E04 /* Debug */ = {
			isa = XCBuildConfiguration;
			buildSettings = {
				ALWAYS_SEARCH_USER_PATHS = NO;
				CLANG_CXX_LANGUAGE_STANDARD = "gnu++0x";
				CLANG_CXX_LIBRARY = "libc++";
				CLANG_ENABLE_MODULES = YES;
				CLANG_ENABLE_OBJC_ARC = YES;
				CLANG_WARN_BOOL_CONVERSION = YES;
				CLANG_WARN_CONSTANT_CONVERSION = YES;
				CLANG_WARN_DIRECT_OBJC_ISA_USAGE = YES_ERROR;
				CLANG_WARN_EMPTY_BODY = YES;
				CLANG_WARN_ENUM_CONVERSION = YES;
				CLANG_WARN_INT_CONVERSION = YES;
				CLANG_WARN_OBJC_ROOT_CLASS = YES_ERROR;
				CLANG_WARN_UNREACHABLE_CODE = YES;
				CLANG_WARN__DUPLICATE_METHOD_MATCH = YES;
				CODE_SIGN_IDENTITY = "iPhone Developer: CHO U (Q8DQ6UA4AG)";
				"CODE_SIGN_IDENTITY[sdk=iphoneos*]" = "iPhone Developer: CHO U (Q8DQ6UA4AG)";
				COPY_PHASE_STRIP = NO;
				ENABLE_STRICT_OBJC_MSGSEND = YES;
				GCC_C_LANGUAGE_STANDARD = gnu99;
				GCC_DYNAMIC_NO_PIC = NO;
				GCC_OPTIMIZATION_LEVEL = 0;
				GCC_PREPROCESSOR_DEFINITIONS = (
					"DEBUG=1",
					"$(inherited)",
				);
				GCC_SYMBOLS_PRIVATE_EXTERN = NO;
				GCC_WARN_64_TO_32_BIT_CONVERSION = YES;
				GCC_WARN_ABOUT_RETURN_TYPE = YES_ERROR;
				GCC_WARN_UNDECLARED_SELECTOR = YES;
				GCC_WARN_UNINITIALIZED_AUTOS = YES_AGGRESSIVE;
				GCC_WARN_UNUSED_FUNCTION = YES;
				GCC_WARN_UNUSED_VARIABLE = YES;
				IPHONEOS_DEPLOYMENT_TARGET = 8.1;
				MTL_ENABLE_DEBUG_INFO = YES;
				ONLY_ACTIVE_ARCH = YES;
				PROVISIONING_PROFILE = "668e00c3-6ea2-4646-9676-8cc3abc7f04a";
				SDKROOT = iphoneos;
			};
			name = Debug;
		};
		45D98BA81A2D6A2C00487E04 /* Release */ = {
			isa = XCBuildConfiguration;
			buildSettings = {
				ALWAYS_SEARCH_USER_PATHS = NO;
				CLANG_CXX_LANGUAGE_STANDARD = "gnu++0x";
				CLANG_CXX_LIBRARY = "libc++";
				CLANG_ENABLE_MODULES = YES;
				CLANG_ENABLE_OBJC_ARC = YES;
				CLANG_WARN_BOOL_CONVERSION = YES;
				CLANG_WARN_CONSTANT_CONVERSION = YES;
				CLANG_WARN_DIRECT_OBJC_ISA_USAGE = YES_ERROR;
				CLANG_WARN_EMPTY_BODY = YES;
				CLANG_WARN_ENUM_CONVERSION = YES;
				CLANG_WARN_INT_CONVERSION = YES;
				CLANG_WARN_OBJC_ROOT_CLASS = YES_ERROR;
				CLANG_WARN_UNREACHABLE_CODE = YES;
				CLANG_WARN__DUPLICATE_METHOD_MATCH = YES;
				CODE_SIGN_IDENTITY = "iPhone Developer: CHO U (Q8DQ6UA4AG)";
				"CODE_SIGN_IDENTITY[sdk=iphoneos*]" = "iPhone Developer: CHO U (Q8DQ6UA4AG)";
				COPY_PHASE_STRIP = YES;
				ENABLE_NS_ASSERTIONS = NO;
				ENABLE_STRICT_OBJC_MSGSEND = YES;
				GCC_C_LANGUAGE_STANDARD = gnu99;
				GCC_WARN_64_TO_32_BIT_CONVERSION = YES;
				GCC_WARN_ABOUT_RETURN_TYPE = YES_ERROR;
				GCC_WARN_UNDECLARED_SELECTOR = YES;
				GCC_WARN_UNINITIALIZED_AUTOS = YES_AGGRESSIVE;
				GCC_WARN_UNUSED_FUNCTION = YES;
				GCC_WARN_UNUSED_VARIABLE = YES;
				IPHONEOS_DEPLOYMENT_TARGET = 8.1;
				MTL_ENABLE_DEBUG_INFO = NO;
				PROVISIONING_PROFILE = "668e00c3-6ea2-4646-9676-8cc3abc7f04a";
				SDKROOT = iphoneos;
				VALIDATE_PRODUCT = YES;
			};
			name = Release;
		};
		45D98BAA1A2D6A2C00487E04 /* Debug */ = {
			isa = XCBuildConfiguration;
			buildSettings = {
				ASSETCATALOG_COMPILER_APPICON_NAME = AppIcon;
				INFOPLIST_FILE = Werewolf/Info.plist;
				LD_RUNPATH_SEARCH_PATHS = "$(inherited) @executable_path/Frameworks";
				PRODUCT_NAME = "$(TARGET_NAME)";
			};
			name = Debug;
		};
		45D98BAB1A2D6A2C00487E04 /* Release */ = {
			isa = XCBuildConfiguration;
			buildSettings = {
				ASSETCATALOG_COMPILER_APPICON_NAME = AppIcon;
				INFOPLIST_FILE = Werewolf/Info.plist;
				LD_RUNPATH_SEARCH_PATHS = "$(inherited) @executable_path/Frameworks";
				PRODUCT_NAME = "$(TARGET_NAME)";
			};
			name = Release;
		};
/* End XCBuildConfiguration section */

/* Begin XCConfigurationList section */
		45D98B811A2D6A2B00487E04 /* Build configuration list for PBXProject "Werewolf" */ = {
			isa = XCConfigurationList;
			buildConfigurations = (
				45D98BA71A2D6A2C00487E04 /* Debug */,
				45D98BA81A2D6A2C00487E04 /* Release */,
			);
			defaultConfigurationIsVisible = 0;
			defaultConfigurationName = Release;
		};
		45D98BA91A2D6A2C00487E04 /* Build configuration list for PBXNativeTarget "Werewolf" */ = {
			isa = XCConfigurationList;
			buildConfigurations = (
				45D98BAA1A2D6A2C00487E04 /* Debug */,
				45D98BAB1A2D6A2C00487E04 /* Release */,
			);
			defaultConfigurationIsVisible = 0;
			defaultConfigurationName = Release;
		};
/* End XCConfigurationList section */
	};
	rootObject = 45D98B7E1A2D6A2B00487E04 /* Project object */;
}
